github.com/LingARISTOTLE/broker v0.0.0-20230414074618-f97877c32fda h1:8p2pLaC40tYa/LX38kpu0HbvG/FxRHKLH3Wr4tEwvEk=
github.com/LingARISTOTLE/broker v0.0.0-20230414074618-f97877c32fda/go.mod h1:t/JBOMB70P5W994f1jylJWtgYhzgA7uBByWO2b+E9Jk=
github.com/LingARISTOTLE/lingolog v0.0.0-20230414052445-ebcb7ca2b4db h1:mX3BFVGz3+8tGT059cVZ5u+5Aq7JyryuvUANOdmuguc=
github.com/LingARISTOTLE/lingolog v0.0.0-20230414052445-ebcb7ca2b4db/go.mod h1:/ovnSYG7E6DO4+TCPiNr0sYGEGbqMGbQascDmnLAA7A=
github.com/LingARISTOTLE/lingotools v0.0.0-20230411063822-a90d9917abd7 h1:FWo72OzcnTwMN9caKA8gbMAKEjvGCx18U447KosVqBU=
github.com/LingARISTOTLE/lingotools v0.0.0-20230411063822-a90d9917abd7/go.mod h1:1uW8xoD2y1+lHqvU5EvYo9Rj7C6qCzO+ZD7oo06KyNM=
github.com/golang/protobuf v1.5.0/go.mod h1:FsONVRAS9T7sI+LIUmWTfcYkHO4aIWwzhcaSAoJOfIk=
github.com/golang/protobuf v1.5.3 h1:KhyjKVUg7Usr/dYsdSqoFveMYd5ko72D+zANwlG1mmg=
github.com/golang/protobuf v1.5.3/go.mod h1:XVQd3VNwM+JqD3oG2Ue2ip4fOMUkwXdXDdiuN0vRsmY=
github.com/google/go-cmp v0.5.5/go.mod h1:v8dTdLbMG2kIc/vJvl+f65V22dbkXbowE6jgT/gNBxE=
github.com/google/go-cmp v0.5.8 h1:e6P7q2lk1O+qJJb4BtCQXlK8vWEO8V1ZeuEdJNOqZyg=
golang.org/x/exp v0.0.0-20220713135740-79cabaa25d75 h1:x03zeu7B2B11ySp+daztnwM5oBJ/8wGUSqrwcw9L0RA=
golang.org/x/exp v0.0.0-20220713135740-79cabaa25d75/go.mod h1:Kr81I6Kryrl9sr8s2FK3vxD90NdsKWRuOIl2O4CvYbA=
golang.org/x/xerrors v0.0.0-20191204190536-9bdfabe68543/go.mod h1:I/5z698sn9Ka8TeJc9MKroUUfqBBauWjQqLJ2OPfmY0=
google.golang.org/protobuf v1.26.0-rc.1/go.mod h1:jlhhOSvTdKEhbULTjvd4ARK9grFBp09yW+WbY/TyQbw=
google.golang.org/protobuf v1.26.0/go.mod h1:9q0QmTI4eRPtz6boOQmLYwt+qCgq0jsYwAQnmE0givc=
google.golang.org/protobuf v1.30.0 h1:kPPoIgf3TsEvrm0PFe15JQ+570QVxYzEvvHqChK+cng=
google.golang.org/protobuf v1.30.0/go.mod h1:HV8QOd/L58Z+nl8r43ehVNZIU/HEI6OcFqwMG9pJV4I=
